
Microsoft Visual Studio Solution File, Format Version 12.00
# Visual Studio Version 16
VisualStudioVersion = 16.0.30711.63
MinimumVisualStudioVersion = 10.0.40219.1
Project("{FAE04EC0-301F-11D3-BF4B-00C04F79EFBC}") = "CRUDAppAJS", "CRUDAppAJS.csproj", "{77D4FFFF-12CF-4FC6-B898-C3A12BE6A29A}"
EndProject
Global
	GlobalSection(SolutionConfigurationPlatforms) = preSolution
		Debug|Any CPU = Debug|Any CPU
		Release|Any CPU = Release|Any CPU
	EndGlobalSection
	GlobalSection(ProjectConfigurationPlatforms) = postSolution
		{77D4FFFF-12CF-4FC6-B898-C3A12BE6A29A}.Debug|Any CPU.ActiveCfg = Debug|Any CPU
		{77D4FFFF-12CF-4FC6-B898-C3A12BE6A29A}.Debug|Any CPU.Build.0 = Debug|Any CPU
		{77D4FFFF-12CF-4FC6-B898-C3A12BE6A29A}.Release|Any CPU.ActiveCfg = Release|Any CPU
		{77D4FFFF-12CF-4FC6-B898-C3A12BE6A29A}.Release|Any CPU.Build.0 = Release|Any CPU
	EndGlobalSection
	GlobalSection(SolutionProperties) = preSolution
		HideSolutionNode = FALSE
	EndGlobalSection
	GlobalSection(ExtensibilityGlobals) = postSolution
		SolutionGuid = {11E88663-7C6A-45F7-AB7F-CCCFD86782D9}
	EndGlobalSection
EndGlobal
